// !$*UTF8*$!
{
	archiveVersion = 1;
	classes = {
	};
	objectVersion = 50;
	objects = {

/* Begin PBXBuildFile section */
		880764BD249154EE002FE7AE /* AppDelegate.swift in Sources */ = {isa = PBXBuildFile; fileRef = 880764BC249154EE002FE7AE /* AppDelegate.swift */; };
		880764BF249154EE002FE7AE /* SceneDelegate.swift in Sources */ = {isa = PBXBuildFile; fileRef = 880764BE249154EE002FE7AE /* SceneDelegate.swift */; };
		880764C3249154F0002FE7AE /* Assets.xcassets in Resources */ = {isa = PBXBuildFile; fileRef = 880764C2249154F0002FE7AE /* Assets.xcassets */; };
		880764C6249154F0002FE7AE /* Preview Assets.xcassets in Resources */ = {isa = PBXBuildFile; fileRef = 880764C5249154F0002FE7AE /* Preview Assets.xcassets */; };
		880764C9249154F0002FE7AE /* LaunchScreen.storyboard in Resources */ = {isa = PBXBuildFile; fileRef = 880764C7249154F0002FE7AE /* LaunchScreen.storyboard */; };
		880764D324915582002FE7AE /* RepositoriesList.swift in Sources */ = {isa = PBXBuildFile; fileRef = 880764D224915582002FE7AE /* RepositoriesList.swift */; };
		880764DA24915D7B002FE7AE /* Spinner.swift in Sources */ = {isa = PBXBuildFile; fileRef = 880764D524915D7B002FE7AE /* Spinner.swift */; };
		880764E12492069B002FE7AE /* GithubAPI.swift in Sources */ = {isa = PBXBuildFile; fileRef = 880764E02492069B002FE7AE /* GithubAPI.swift */; };
/* End PBXBuildFile section */

/* Begin PBXFileReference section */
		880764B9249154EE002FE7AE /* InfiniteListSwiftUI.app */ = {isa = PBXFileReference; explicitFileType = wrapper.application; includeInIndex = 0; path = InfiniteListSwiftUI.app; sourceTree = BUILT_PRODUCTS_DIR; };
		880764BC249154EE002FE7AE /* AppDelegate.swift */ = {isa = PBXFileReference; lastKnownFileType = sourcecode.swift; path = AppDelegate.swift; sourceTree = "<group>"; };
		880764BE249154EE002FE7AE /* SceneDelegate.swift */ = {isa = PBXFileReference; lastKnownFileType = sourcecode.swift; path = SceneDelegate.swift; sourceTree = "<group>"; };
		880764C2249154F0002FE7AE /* Assets.xcassets */ = {isa = PBXFileReference; lastKnownFileType = folder.assetcatalog; path = Assets.xcassets; sourceTree = "<group>"; };
		880764C5249154F0002FE7AE /* Preview Assets.xcassets */ = {isa = PBXFileReference; lastKnownFileType = folder.assetcatalog; path = "Preview Assets.xcassets"; sourceTree = "<group>"; };
		880764C8249154F0002FE7AE /* Base */ = {isa = PBXFileReference; lastKnownFileType = file.storyboard; name = Base; path = Base.lproj/LaunchScreen.storyboard; sourceTree = "<group>"; };
		880764CA249154F0002FE7AE /* Info.plist */ = {isa = PBXFileReference; lastKnownFileType = text.plist.xml; path = Info.plist; sourceTree = "<group>"; };
		880764D224915582002FE7AE /* RepositoriesList.swift */ = {isa = PBXFileReference; lastKnownFileType = sourcecode.swift; path = RepositoriesList.swift; sourceTree = "<group>"; };
		880764D524915D7B002FE7AE /* Spinner.swift */ = {isa = PBXFileReference; fileEncoding = 4; lastKnownFileType = sourcecode.swift; path = Spinner.swift; sourceTree = "<group>"; };
		880764E02492069B002FE7AE /* GithubAPI.swift */ = {isa = PBXFileReference; lastKnownFileType = sourcecode.swift; path = GithubAPI.swift; sourceTree = "<group>"; };
/* End PBXFileReference section */

/* Begin PBXFrameworksBuildPhase section */
		880764B6249154EE002FE7AE /* Frameworks */ = {
			isa = PBXFrameworksBuildPhase;
			buildActionMask = 2147483647;
			files = (
			);
			runOnlyForDeploymentPostprocessing = 0;
		};
/* End PBXFrameworksBuildPhase section */

/* Begin PBXGroup section */
		880764B0249154EE002FE7AE = {
			isa = PBXGroup;
			children = (
				880764BB249154EE002FE7AE /* InfiniteListSwiftUI */,
				880764BA249154EE002FE7AE /* Products */,
			);
			sourceTree = "<group>";
		};
		880764BA249154EE002FE7AE /* Products */ = {
			isa = PBXGroup;
			children = (
				880764B9249154EE002FE7AE /* InfiniteListSwiftUI.app */,
			);
			name = Products;
			sourceTree = "<group>";
		};
		880764BB249154EE002FE7AE /* InfiniteListSwiftUI */ = {
			isa = PBXGroup;
			children = (
				880764D1249154FE002FE7AE /* App */,
				880764D224915582002FE7AE /* RepositoriesList.swift */,
				880764E02492069B002FE7AE /* GithubAPI.swift */,
				880764D524915D7B002FE7AE /* Spinner.swift */,
				880764D0249154F6002FE7AE /* SupportingFiles */,
				880764C4249154F0002FE7AE /* Preview Content */,
			);
			path = InfiniteListSwiftUI;
			sourceTree = "<group>";
		};
		880764C4249154F0002FE7AE /* Preview Content */ = {
			isa = PBXGroup;
			children = (
				880764C5249154F0002FE7AE /* Preview Assets.xcassets */,
			);
			path = "Preview Content";
			sourceTree = "<group>";
		};
		880764D0249154F6002FE7AE /* SupportingFiles */ = {
			isa = PBXGroup;
			children = (
				880764C2249154F0002FE7AE /* Assets.xcassets */,
				880764C7249154F0002FE7AE /* LaunchScreen.storyboard */,
				880764CA249154F0002FE7AE /* Info.plist */,
			);
			path = SupportingFiles;
			sourceTree = "<group>";
		};
		880764D1249154FE002FE7AE /* App */ = {
			isa = PBXGroup;
			children = (
				880764BC249154EE002FE7AE /* AppDelegate.swift */,
				880764BE249154EE002FE7AE /* SceneDelegate.swift */,
			);
			path = App;
			sourceTree = "<group>";
		};
/* End PBXGroup section */

/* Begin PBXNativeTarget section */
		880764B8249154EE002FE7AE /* InfiniteListSwiftUI */ = {
			isa = PBXNativeTarget;
			buildConfigurationList = 880764CD249154F0002FE7AE /* Build configuration list for PBXNativeTarget "InfiniteListSwiftUI" */;
			buildPhases = (
				880764B5249154EE002FE7AE /* Sources */,
				880764B6249154EE002FE7AE /* Frameworks */,
				880764B7249154EE002FE7AE /* Resources */,
			);
			buildRules = (
			);
			dependencies = (
			);
			name = InfiniteListSwiftUI;
			productName = InfiniteListSwiftUI;
			productReference = 880764B9249154EE002FE7AE /* InfiniteListSwiftUI.app */;
			productType = "com.apple.product-type.application";
		};
/* End PBXNativeTarget section */

/* Begin PBXProject section */
		880764B1249154EE002FE7AE /* Project object */ = {
			isa = PBXProject;
			attributes = {
				LastSwiftUpdateCheck = 1150;
				LastUpgradeCheck = 1150;
				ORGANIZATIONNAME = "Vadim Bulavin";
				TargetAttributes = {
					880764B8249154EE002FE7AE = {
						CreatedOnToolsVersion = 11.5;
					};
				};
			};
			buildConfigurationList = 880764B4249154EE002FE7AE /* Build configuration list for PBXProject "InfiniteListSwiftUI" */;
			compatibilityVersion = "Xcode 9.3";
			developmentRegion = en;
			hasScannedForEncodings = 0;
			knownRegions = (
				en,
				Base,
			);
			mainGroup = 880764B0249154EE002FE7AE;
			productRefGroup = 880764BA249154EE002FE7AE /* Products */;
			projectDirPath = "";
			projectRoot = "";
			targets = (
				880764B8249154EE002FE7AE /* InfiniteListSwiftUI */,
			);
		};
/* End PBXProject section */

/* Begin PBXResourcesBuildPhase section */
		880764B7249154EE002FE7AE /* Resources */ = {
			isa = PBXResourcesBuildPhase;
			buildActionMask = 2147483647;
			files = (
				880764C9249154F0002FE7AE /* LaunchScreen.storyboard in Resources */,
				880764C6249154F0002FE7AE /* Preview Assets.xcassets in Resources */,
				880764C3249154F0002FE7AE /* Assets.xcassets in Resources */,
			);
			runOnlyForDeploymentPostprocessing = 0;
		};
/* End PBXResourcesBuildPhase section */

/* Begin PBXSourcesBuildPhase section */
		880764B5249154EE002FE7AE /* Sources */ = {
			isa = PBXSourcesBuildPhase;
			buildActionMask = 2147483647;
			files = (
				880764E12492069B002FE7AE /* GithubAPI.swift in Sources */,
				880764BD249154EE002FE7AE /* AppDelegate.swift in Sources */,
				880764BF249154EE002FE7AE /* SceneDelegate.swift in Sources */,
				880764D324915582002FE7AE /* RepositoriesList.swift in Sources */,
				880764DA24915D7B002FE7AE /* Spinner.swift in Sources */,
			);
			runOnlyForDeploymentPostprocessing = 0;
		};
/* End PBXSourcesBuildPhase section */

/* Begin PBXVariantGroup section */
		880764C7249154F0002FE7AE /* LaunchScreen.storyboard */ = {
			isa = PBXVariantGroup;
			children = (
				880764C8249154F0002FE7AE /* Base */,
			);
			name = LaunchScreen.storyboard;
			sourceTree = "<group>";
		};
/* End PBXVariantGroup section */

/* Begin XCBuildConfiguration section */
		880764CB249154F0002FE7AE /* Debug */ = {
			isa = XCBuildConfiguration;
			buildSettings = {
				ALWAYS_SEARCH_USER_PATHS = NO;
				CLANG_ANALYZER_NONNULL = YES;
				CLANG_ANALYZER_NUMBER_OBJECT_CONVERSION = YES_AGGRESSIVE;
				CLANG_CXX_LANGUAGE_STANDARD = "gnu++14";
				CLANG_CXX_LIBRARY = "libc++";
				CLANG_ENABLE_MODULES = YES;
				CLANG_ENABLE_OBJC_ARC = YES;
				CLANG_ENABLE_OBJC_WEAK = YES;
				CLANG_WARN_BLOCK_CAPTURE_AUTORELEASING = YES;
				CLANG_WARN_BOOL_CONVERSION = YES;
				CLANG_WARN_COMMA = YES;
				CLANG_WARN_CONSTANT_CONVERSION = YES;
				CLANG_WARN_DEPRECATED_OBJC_IMPLEMENTATIONS = YES;
				CLANG_WARN_DIRECT_OBJC_ISA_USAGE = YES_ERROR;
				CLANG_WARN_DOCUMENTATION_COMMENTS = YES;
				CLANG_WARN_EMPTY_BODY = YES;
				CLANG_WARN_ENUM_CONVERSION = YES;
				CLANG_WARN_INFINITE_RECURSION = YES;
				CLANG_WARN_INT_CONVERSION = YES;
				CLANG_WARN_NON_LITERAL_NULL_CONVERSION = YES;
				CLANG_WARN_OBJC_IMPLICIT_RETAIN_SELF = YES;
				CLANG_WARN_OBJC_LITERAL_CONVERSION = YES;
				CLANG_WARN_OBJC_ROOT_CLASS = YES_ERROR;
				CLANG_WARN_RANGE_LOOP_ANALYSIS = YES;
				CLANG_WARN_STRICT_PROTOTYPES = YES;
				CLANG_WARN_SUSPICIOUS_MOVE = YES;
				CLANG_WARN_UNGUARDED_AVAILABILITY = YES_AGGRESSIVE;
				CLANG_WARN_UNREACHABLE_CODE = YES;
				CLANG_WARN__DUPLICATE_METHOD_MATCH = YES;
				COPY_PHASE_STRIP = NO;
				DEBUG_INFORMATION_FORMAT = dwarf;
				ENABLE_STRICT_OBJC_MSGSEND = YES;
				ENABLE_TESTABILITY = YES;
				GCC_C_LANGUAGE_STANDARD = gnu11;
				GCC_DYNAMIC_NO_PIC = NO;
				GCC_NO_COMMON_BLOCKS = YES;
				GCC_OPTIMIZATION_LEVEL = 0;
				GCC_PREPROCESSOR_DEFINITIONS = (
					"DEBUG=1",
					"$(inherited)",
				);
				GCC_WARN_64_TO_32_BIT_CONVERSION = YES;
				GCC_WARN_ABOUT_RETURN_TYPE = YES_ERROR;
				GCC_WARN_UNDECLARED_SELECTOR = YES;
				GCC_WARN_UNINITIALIZED_AUTOS = YES_AGGRESSIVE;
				GCC_WARN_UNUSED_FUNCTION = YES;
				GCC_WARN_UNUSED_VARIABLE = YES;
				IPHONEOS_DEPLOYMENT_TARGET = 13.5;
				MTL_ENABLE_DEBUG_INFO = INCLUDE_SOURCE;
				MTL_FAST_MATH = YES;
				ONLY_ACTIVE_ARCH = YES;
				SDKROOT = iphoneos;
				SWIFT_ACTIVE_COMPILATION_CONDITIONS = DEBUG;
				SWIFT_OPTIMIZATION_LEVEL = "-Onone";
			};
			name = Debug;
		};
		880764CC249154F0002FE7AE /* Release */ = {
			isa = XCBuildConfiguration;
			buildSettings = {
				ALWAYS_SEARCH_USER_PATHS = NO;
				CLANG_ANALYZER_NONNULL = YES;
				CLANG_ANALYZER_NUMBER_OBJECT_CONVERSION = YES_AGGRESSIVE;
				CLANG_CXX_LANGUAGE_STANDARD = "gnu++14";
				CLANG_CXX_LIBRARY = "libc++";
				CLANG_ENABLE_MODULES = YES;
				CLANG_ENABLE_OBJC_ARC = YES;
				CLANG_ENABLE_OBJC_WEAK = YES;
				CLANG_WARN_BLOCK_CAPTURE_AUTORELEASING = YES;
				CLANG_WARN_BOOL_CONVERSION = YES;
				CLANG_WARN_COMMA = YES;
				CLANG_WARN_CONSTANT_CONVERSION = YES;
				CLANG_WARN_DEPRECATED_OBJC_IMPLEMENTATIONS = YES;
				CLANG_WARN_DIRECT_OBJC_ISA_USAGE = YES_ERROR;
				CLANG_WARN_DOCUMENTATION_COMMENTS = YES;
				CLANG_WARN_EMPTY_BODY = YES;
				CLANG_WARN_ENUM_CONVERSION = YES;
				CLANG_WARN_INFINITE_RECURSION = YES;
				CLANG_WARN_INT_CONVERSION = YES;
				CLANG_WARN_NON_LITERAL_NULL_CONVERSION = YES;
				CLANG_WARN_OBJC_IMPLICIT_RETAIN_SELF = YES;
				CLANG_WARN_OBJC_LITERAL_CONVERSION = YES;
				CLANG_WARN_OBJC_ROOT_CLASS = YES_ERROR;
				CLANG_WARN_RANGE_LOOP_ANALYSIS = YES;
				CLANG_WARN_STRICT_PROTOTYPES = YES;
				CLANG_WARN_SUSPICIOUS_MOVE = YES;
				CLANG_WARN_UNGUARDED_AVAILABILITY = YES_AGGRESSIVE;
				CLANG_WARN_UNREACHABLE_CODE = YES;
				CLANG_WARN__DUPLICATE_METHOD_MATCH = YES;
				COPY_PHASE_STRIP = NO;
				DEBUG_INFORMATION_FORMAT = "dwarf-with-dsym";
				ENABLE_NS_ASSERTIONS = NO;
				ENABLE_STRICT_OBJC_MSGSEND = YES;
				GCC_C_LANGUAGE_STANDARD = gnu11;
				GCC_NO_COMMON_BLOCKS = YES;
				GCC_WARN_64_TO_32_BIT_CONVERSION = YES;
				GCC_WARN_ABOUT_RETURN_TYPE = YES_ERROR;
				GCC_WARN_UNDECLARED_SELECTOR = YES;
				GCC_WARN_UNINITIALIZED_AUTOS = YES_AGGRESSIVE;
				GCC_WARN_UNUSED_FUNCTION = YES;
				GCC_WARN_UNUSED_VARIABLE = YES;
				IPHONEOS_DEPLOYMENT_TARGET = 13.5;
				MTL_ENABLE_DEBUG_INFO = NO;
				MTL_FAST_MATH = YES;
				SDKROOT = iphoneos;
				SWIFT_COMPILATION_MODE = wholemodule;
				SWIFT_OPTIMIZATION_LEVEL = "-O";
				VALIDATE_PRODUCT = YES;
			};
			name = Release;
		};
		880764CE249154F0002FE7AE /* Debug */ = {
			isa = XCBuildConfiguration;
			buildSettings = {
				ASSETCATALOG_COMPILER_APPICON_NAME = AppIcon;
				CODE_SIGN_STYLE = Automatic;
				DEVELOPMENT_ASSET_PATHS = "\"InfiniteListSwiftUI/Preview Content\"";
				ENABLE_PREVIEWS = YES;
				INFOPLIST_FILE = InfiniteListSwiftUI/SupportingFiles/Info.plist;
				LD_RUNPATH_SEARCH_PATHS = (
					"$(inherited)",
					"@executable_path/Frameworks",
				);
				PRODUCT_BUNDLE_IDENTIFIER = vadimbulavin.InfiniteListSwiftUI;
				PRODUCT_NAME = "$(TARGET_NAME)";
				SWIFT_VERSION = 5.0;
				TARGETED_DEVICE_FAMILY = "1,2";
			};
			name = Debug;
		};
		880764CF249154F0002FE7AE /* Release */ = {
			isa = XCBuildConfiguration;
			buildSettings = {
				ASSETCATALOG_COMPILER_APPICON_NAME = AppIcon;
				CODE_SIGN_STYLE = Automatic;
				DEVELOPMENT_ASSET_PATHS = "\"InfiniteListSwiftUI/Preview Content\"";
				ENABLE_PREVIEWS = YES;
				INFOPLIST_FILE = InfiniteListSwiftUI/SupportingFiles/Info.plist;
				LD_RUNPATH_SEARCH_PATHS = (
					"$(inherited)",
					"@executable_path/Frameworks",
				);
				PRODUCT_BUNDLE_IDENTIFIER = vadimbulavin.InfiniteListSwiftUI;
				PRODUCT_NAME = "$(TARGET_NAME)";
				SWIFT_VERSION = 5.0;
				TARGETED_DEVICE_FAMILY = "1,2";
			};
			name = Release;
		};
/* End XCBuildConfiguration section */

/* Begin XCConfigurationList section */
		880764B4249154EE002FE7AE /* Build configuration list for PBXProject "InfiniteListSwiftUI" */ = {
			isa = XCConfigurationList;
			buildConfigurations = (
				880764CB249154F0002FE7AE /* Debug */,
				880764CC249154F0002FE7AE /* Release */,
			);
			defaultConfigurationIsVisible = 0;
			defaultConfigurationName = Release;
		};
		880764CD249154F0002FE7AE /* Build configuration list for PBXNativeTarget "InfiniteListSwiftUI" */ = {
			isa = XCConfigurationList;
			buildConfigurations = (
				880764CE249154F0002FE7AE /* Debug */,
				880764CF249154F0002FE7AE /* Release */,
			);
			defaultConfigurationIsVisible = 0;
			defaultConfigurationName = Release;
		};
/* End XCConfigurationList section */
	};
	rootObject = 880764B1249154EE002FE7AE /* Project object */;
}
